
Microsoft Visual Studio Solution File, Format Version 12.00
# Visual Studio 15
VisualStudioVersion = 15.0.28010.2019
MinimumVisualStudioVersion = 10.0.40219.1
Project("{FAE04EC0-301F-11D3-BF4B-00C04F79EFBC}") = "PiBootstrapper", "PiBootstrapper.csproj", "{EA6A2A20-52B7-4232-A952-8F633298F8BB}"
EndProject
Global
	GlobalSection(SolutionConfigurationPlatforms) = preSolution
		Debug|Any CPU = Debug|Any CPU
		Release|Any CPU = Release|Any CPU
	EndGlobalSection
	GlobalSection(ProjectConfigurationPlatforms) = postSolution
		{EA6A2A20-52B7-4232-A952-8F633298F8BB}.Debug|Any CPU.ActiveCfg = Debug|Any CPU
		{EA6A2A20-52B7-4232-A952-8F633298F8BB}.Debug|Any CPU.Build.0 = Debug|Any CPU
		{EA6A2A20-52B7-4232-A952-8F633298F8BB}.Release|Any CPU.ActiveCfg = Release|Any CPU
		{EA6A2A20-52B7-4232-A952-8F633298F8BB}.Release|Any CPU.Build.0 = Release|Any CPU
	EndGlobalSection
	GlobalSection(SolutionProperties) = preSolution
		HideSolutionNode = FALSE
	EndGlobalSection
	GlobalSection(ExtensibilityGlobals) = postSolution
		SolutionGuid = {D28F4201-5EBA-45DB-9126-BF91EAADD9D0}
	EndGlobalSection
EndGlobal
